
Microsoft Visual Studio Solution File, Format Version 12.00
# Visual Studio Version 16
VisualStudioVersion = 16.0.31019.35
MinimumVisualStudioVersion = 10.0.40219.1
Project("{FAE04EC0-301F-11D3-BF4B-00C04F79EFBC}") = "AulaGitHub1", "AulaGitHub1.csproj", "{3E65D765-25BB-4582-BB93-BE52E9A0A074}"
EndProject
Global
	GlobalSection(SolutionConfigurationPlatforms) = preSolution
		Debug|Any CPU = Debug|Any CPU
		Release|Any CPU = Release|Any CPU
	EndGlobalSection
	GlobalSection(ProjectConfigurationPlatforms) = postSolution
		{3E65D765-25BB-4582-BB93-BE52E9A0A074}.Debug|Any CPU.ActiveCfg = Debug|Any CPU
		{3E65D765-25BB-4582-BB93-BE52E9A0A074}.Debug|Any CPU.Build.0 = Debug|Any CPU
		{3E65D765-25BB-4582-BB93-BE52E9A0A074}.Release|Any CPU.ActiveCfg = Release|Any CPU
		{3E65D765-25BB-4582-BB93-BE52E9A0A074}.Release|Any CPU.Build.0 = Release|Any CPU
	EndGlobalSection
	GlobalSection(SolutionProperties) = preSolution
		HideSolutionNode = FALSE
	EndGlobalSection
	GlobalSection(ExtensibilityGlobals) = postSolution
		SolutionGuid = {00EFFAD9-FFCE-4FB5-97C9-CDDC5823BB17}
	EndGlobalSection
EndGlobal
